// !$*UTF8*$!
{
	archiveVersion = 1;
	classes = {
	};
	objectVersion = 56;
	objects = {

/* Begin PBXBuildFile section */
		23B70812431FE54429D0BF5B /* Pods_RxSwiftSampleApp_RxSwiftSampleAppUITests.framework in Frameworks */ = {isa = PBXBuildFile; fileRef = 5D3C3B42DF5EECF0FA4C9642 /* Pods_RxSwiftSampleApp_RxSwiftSampleAppUITests.framework */; };
		5DFBDEB729D944B6004E0B78 /* AppDelegate.swift in Sources */ = {isa = PBXBuildFile; fileRef = 5DFBDEB629D944B6004E0B78 /* AppDelegate.swift */; };
		5DFBDEB929D944B6004E0B78 /* SceneDelegate.swift in Sources */ = {isa = PBXBuildFile; fileRef = 5DFBDEB829D944B6004E0B78 /* SceneDelegate.swift */; };
		5DFBDEBB29D944B6004E0B78 /* ViewController.swift in Sources */ = {isa = PBXBuildFile; fileRef = 5DFBDEBA29D944B6004E0B78 /* ViewController.swift */; };
		5DFBDEBE29D944B6004E0B78 /* Main.storyboard in Resources */ = {isa = PBXBuildFile; fileRef = 5DFBDEBC29D944B6004E0B78 /* Main.storyboard */; };
		5DFBDEC029D944B8004E0B78 /* Assets.xcassets in Resources */ = {isa = PBXBuildFile; fileRef = 5DFBDEBF29D944B8004E0B78 /* Assets.xcassets */; };
		5DFBDEC329D944B8004E0B78 /* LaunchScreen.storyboard in Resources */ = {isa = PBXBuildFile; fileRef = 5DFBDEC129D944B8004E0B78 /* LaunchScreen.storyboard */; };
		5DFBDECE29D944B8004E0B78 /* RxSwiftSampleAppTests.swift in Sources */ = {isa = PBXBuildFile; fileRef = 5DFBDECD29D944B8004E0B78 /* RxSwiftSampleAppTests.swift */; };
		5DFBDED829D944B8004E0B78 /* RxSwiftSampleAppUITests.swift in Sources */ = {isa = PBXBuildFile; fileRef = 5DFBDED729D944B8004E0B78 /* RxSwiftSampleAppUITests.swift */; };
		5DFBDEDA29D944B8004E0B78 /* RxSwiftSampleAppUITestsLaunchTests.swift in Sources */ = {isa = PBXBuildFile; fileRef = 5DFBDED929D944B8004E0B78 /* RxSwiftSampleAppUITestsLaunchTests.swift */; };
		776205CFA9DA6004516ABB14 /* Pods_RxSwiftSampleAppTests.framework in Frameworks */ = {isa = PBXBuildFile; fileRef = DDFAA1D67DE70DE6A3A4700A /* Pods_RxSwiftSampleAppTests.framework */; };
		AD7A3C0268EB5463D033930A /* Pods_RxSwiftSampleApp.framework in Frameworks */ = {isa = PBXBuildFile; fileRef = ED4568F45FA7BF4344C57197 /* Pods_RxSwiftSampleApp.framework */; };
/* End PBXBuildFile section */

/* Begin PBXContainerItemProxy section */
		5DFBDECA29D944B8004E0B78 /* PBXContainerItemProxy */ = {
			isa = PBXContainerItemProxy;
			containerPortal = 5DFBDEAB29D944B6004E0B78 /* Project object */;
			proxyType = 1;
			remoteGlobalIDString = 5DFBDEB229D944B6004E0B78;
			remoteInfo = RxSwiftSampleApp;
		};
		5DFBDED429D944B8004E0B78 /* PBXContainerItemProxy */ = {
			isa = PBXContainerItemProxy;
			containerPortal = 5DFBDEAB29D944B6004E0B78 /* Project object */;
			proxyType = 1;
			remoteGlobalIDString = 5DFBDEB229D944B6004E0B78;
			remoteInfo = RxSwiftSampleApp;
		};
/* End PBXContainerItemProxy section */

/* Begin PBXFileReference section */
		23A777232E7B98B4413D3E2A /* Pods-RxSwiftSampleAppTests.release.xcconfig */ = {isa = PBXFileReference; includeInIndex = 1; lastKnownFileType = text.xcconfig; name = "Pods-RxSwiftSampleAppTests.release.xcconfig"; path = "Target Support Files/Pods-RxSwiftSampleAppTests/Pods-RxSwiftSampleAppTests.release.xcconfig"; sourceTree = "<group>"; };
		35532722C2AF5C37523FD55F /* Pods-RxSwiftSampleApp-RxSwiftSampleAppUITests.debug.xcconfig */ = {isa = PBXFileReference; includeInIndex = 1; lastKnownFileType = text.xcconfig; name = "Pods-RxSwiftSampleApp-RxSwiftSampleAppUITests.debug.xcconfig"; path = "Target Support Files/Pods-RxSwiftSampleApp-RxSwiftSampleAppUITests/Pods-RxSwiftSampleApp-RxSwiftSampleAppUITests.debug.xcconfig"; sourceTree = "<group>"; };
		5D3C3B42DF5EECF0FA4C9642 /* Pods_RxSwiftSampleApp_RxSwiftSampleAppUITests.framework */ = {isa = PBXFileReference; explicitFileType = wrapper.framework; includeInIndex = 0; path = Pods_RxSwiftSampleApp_RxSwiftSampleAppUITests.framework; sourceTree = BUILT_PRODUCTS_DIR; };
		5DFBDEB329D944B6004E0B78 /* RxSwiftSampleApp.app */ = {isa = PBXFileReference; explicitFileType = wrapper.application; includeInIndex = 0; path = RxSwiftSampleApp.app; sourceTree = BUILT_PRODUCTS_DIR; };
		5DFBDEB629D944B6004E0B78 /* AppDelegate.swift */ = {isa = PBXFileReference; lastKnownFileType = sourcecode.swift; path = AppDelegate.swift; sourceTree = "<group>"; };
		5DFBDEB829D944B6004E0B78 /* SceneDelegate.swift */ = {isa = PBXFileReference; lastKnownFileType = sourcecode.swift; path = SceneDelegate.swift; sourceTree = "<group>"; };
		5DFBDEBA29D944B6004E0B78 /* ViewController.swift */ = {isa = PBXFileReference; lastKnownFileType = sourcecode.swift; path = ViewController.swift; sourceTree = "<group>"; };
		5DFBDEBD29D944B6004E0B78 /* Base */ = {isa = PBXFileReference; lastKnownFileType = file.storyboard; name = Base; path = Base.lproj/Main.storyboard; sourceTree = "<group>"; };
		5DFBDEBF29D944B8004E0B78 /* Assets.xcassets */ = {isa = PBXFileReference; lastKnownFileType = folder.assetcatalog; path = Assets.xcassets; sourceTree = "<group>"; };
		5DFBDEC229D944B8004E0B78 /* Base */ = {isa = PBXFileReference; lastKnownFileType = file.storyboard; name = Base; path = Base.lproj/LaunchScreen.storyboard; sourceTree = "<group>"; };
		5DFBDEC429D944B8004E0B78 /* Info.plist */ = {isa = PBXFileReference; lastKnownFileType = text.plist.xml; path = Info.plist; sourceTree = "<group>"; };
		5DFBDEC929D944B8004E0B78 /* RxSwiftSampleAppTests.xctest */ = {isa = PBXFileReference; explicitFileType = wrapper.cfbundle; includeInIndex = 0; path = RxSwiftSampleAppTests.xctest; sourceTree = BUILT_PRODUCTS_DIR; };
		5DFBDECD29D944B8004E0B78 /* RxSwiftSampleAppTests.swift */ = {isa = PBXFileReference; lastKnownFileType = sourcecode.swift; path = RxSwiftSampleAppTests.swift; sourceTree = "<group>"; };
		5DFBDED329D944B8004E0B78 /* RxSwiftSampleAppUITests.xctest */ = {isa = PBXFileReference; explicitFileType = wrapper.cfbundle; includeInIndex = 0; path = RxSwiftSampleAppUITests.xctest; sourceTree = BUILT_PRODUCTS_DIR; };
		5DFBDED729D944B8004E0B78 /* RxSwiftSampleAppUITests.swift */ = {isa = PBXFileReference; lastKnownFileType = sourcecode.swift; path = RxSwiftSampleAppUITests.swift; sourceTree = "<group>"; };
		5DFBDED929D944B8004E0B78 /* RxSwiftSampleAppUITestsLaunchTests.swift */ = {isa = PBXFileReference; lastKnownFileType = sourcecode.swift; path = RxSwiftSampleAppUITestsLaunchTests.swift; sourceTree = "<group>"; };
		641F3C1DE7D2BFB0433A43EA /* Pods-RxSwiftSampleAppTests.debug.xcconfig */ = {isa = PBXFileReference; includeInIndex = 1; lastKnownFileType = text.xcconfig; name = "Pods-RxSwiftSampleAppTests.debug.xcconfig"; path = "Target Support Files/Pods-RxSwiftSampleAppTests/Pods-RxSwiftSampleAppTests.debug.xcconfig"; sourceTree = "<group>"; };
		88EF1C3E7AD2E8636E25D1D5 /* Pods-RxSwiftSampleApp.debug.xcconfig */ = {isa = PBXFileReference; includeInIndex = 1; lastKnownFileType = text.xcconfig; name = "Pods-RxSwiftSampleApp.debug.xcconfig"; path = "Target Support Files/Pods-RxSwiftSampleApp/Pods-RxSwiftSampleApp.debug.xcconfig"; sourceTree = "<group>"; };
		CFDC4412AE532CF1175E52DE /* Pods-RxSwiftSampleApp.release.xcconfig */ = {isa = PBXFileReference; includeInIndex = 1; lastKnownFileType = text.xcconfig; name = "Pods-RxSwiftSampleApp.release.xcconfig"; path = "Target Support Files/Pods-RxSwiftSampleApp/Pods-RxSwiftSampleApp.release.xcconfig"; sourceTree = "<group>"; };
		DDFAA1D67DE70DE6A3A4700A /* Pods_RxSwiftSampleAppTests.framework */ = {isa = PBXFileReference; explicitFileType = wrapper.framework; includeInIndex = 0; path = Pods_RxSwiftSampleAppTests.framework; sourceTree = BUILT_PRODUCTS_DIR; };
		E1FBF257E2A15CEA3719BE20 /* Pods-RxSwiftSampleApp-RxSwiftSampleAppUITests.release.xcconfig */ = {isa = PBXFileReference; includeInIndex = 1; lastKnownFileType = text.xcconfig; name = "Pods-RxSwiftSampleApp-RxSwiftSampleAppUITests.release.xcconfig"; path = "Target Support Files/Pods-RxSwiftSampleApp-RxSwiftSampleAppUITests/Pods-RxSwiftSampleApp-RxSwiftSampleAppUITests.release.xcconfig"; sourceTree = "<group>"; };
		ED4568F45FA7BF4344C57197 /* Pods_RxSwiftSampleApp.framework */ = {isa = PBXFileReference; explicitFileType = wrapper.framework; includeInIndex = 0; path = Pods_RxSwiftSampleApp.framework; sourceTree = BUILT_PRODUCTS_DIR; };
/* End PBXFileReference section */

/* Begin PBXFrameworksBuildPhase section */
		5DFBDEB029D944B6004E0B78 /* Frameworks */ = {
			isa = PBXFrameworksBuildPhase;
			buildActionMask = 2147483647;
			files = (
				AD7A3C0268EB5463D033930A /* Pods_RxSwiftSampleApp.framework in Frameworks */,
			);
			runOnlyForDeploymentPostprocessing = 0;
		};
		5DFBDEC629D944B8004E0B78 /* Frameworks */ = {
			isa = PBXFrameworksBuildPhase;
			buildActionMask = 2147483647;
			files = (
				776205CFA9DA6004516ABB14 /* Pods_RxSwiftSampleAppTests.framework in Frameworks */,
			);
			runOnlyForDeploymentPostprocessing = 0;
		};
		5DFBDED029D944B8004E0B78 /* Frameworks */ = {
			isa = PBXFrameworksBuildPhase;
			buildActionMask = 2147483647;
			files = (
				23B70812431FE54429D0BF5B /* Pods_RxSwiftSampleApp_RxSwiftSampleAppUITests.framework in Frameworks */,
			);
			runOnlyForDeploymentPostprocessing = 0;
		};
/* End PBXFrameworksBuildPhase section */

/* Begin PBXGroup section */
		1BEF5E35C5B3F3ECE3725DA8 /* Frameworks */ = {
			isa = PBXGroup;
			children = (
				ED4568F45FA7BF4344C57197 /* Pods_RxSwiftSampleApp.framework */,
				5D3C3B42DF5EECF0FA4C9642 /* Pods_RxSwiftSampleApp_RxSwiftSampleAppUITests.framework */,
				DDFAA1D67DE70DE6A3A4700A /* Pods_RxSwiftSampleAppTests.framework */,
			);
			name = Frameworks;
			sourceTree = "<group>";
		};
		5DFBDEAA29D944B6004E0B78 = {
			isa = PBXGroup;
			children = (
				5DFBDEB529D944B6004E0B78 /* RxSwiftSampleApp */,
				5DFBDECC29D944B8004E0B78 /* RxSwiftSampleAppTests */,
				5DFBDED629D944B8004E0B78 /* RxSwiftSampleAppUITests */,
				5DFBDEB429D944B6004E0B78 /* Products */,
				6F073B4374561F0CCC268BC8 /* Pods */,
				1BEF5E35C5B3F3ECE3725DA8 /* Frameworks */,
			);
			sourceTree = "<group>";
		};
		5DFBDEB429D944B6004E0B78 /* Products */ = {
			isa = PBXGroup;
			children = (
				5DFBDEB329D944B6004E0B78 /* RxSwiftSampleApp.app */,
				5DFBDEC929D944B8004E0B78 /* RxSwiftSampleAppTests.xctest */,
				5DFBDED329D944B8004E0B78 /* RxSwiftSampleAppUITests.xctest */,
			);
			name = Products;
			sourceTree = "<group>";
		};
		5DFBDEB529D944B6004E0B78 /* RxSwiftSampleApp */ = {
			isa = PBXGroup;
			children = (
				5DFBDEB629D944B6004E0B78 /* AppDelegate.swift */,
				5DFBDEB829D944B6004E0B78 /* SceneDelegate.swift */,
				5DFBDEBA29D944B6004E0B78 /* ViewController.swift */,
				5DFBDEBC29D944B6004E0B78 /* Main.storyboard */,
				5DFBDEBF29D944B8004E0B78 /* Assets.xcassets */,
				5DFBDEC129D944B8004E0B78 /* LaunchScreen.storyboard */,
				5DFBDEC429D944B8004E0B78 /* Info.plist */,
			);
			path = RxSwiftSampleApp;
			sourceTree = "<group>";
		};
		5DFBDECC29D944B8004E0B78 /* RxSwiftSampleAppTests */ = {
			isa = PBXGroup;
			children = (
				5DFBDECD29D944B8004E0B78 /* RxSwiftSampleAppTests.swift */,
			);
			path = RxSwiftSampleAppTests;
			sourceTree = "<group>";
		};
		5DFBDED629D944B8004E0B78 /* RxSwiftSampleAppUITests */ = {
			isa = PBXGroup;
			children = (
				5DFBDED729D944B8004E0B78 /* RxSwiftSampleAppUITests.swift */,
				5DFBDED929D944B8004E0B78 /* RxSwiftSampleAppUITestsLaunchTests.swift */,
			);
			path = RxSwiftSampleAppUITests;
			sourceTree = "<group>";
		};
		6F073B4374561F0CCC268BC8 /* Pods */ = {
			isa = PBXGroup;
			children = (
				88EF1C3E7AD2E8636E25D1D5 /* Pods-RxSwiftSampleApp.debug.xcconfig */,
				CFDC4412AE532CF1175E52DE /* Pods-RxSwiftSampleApp.release.xcconfig */,
				35532722C2AF5C37523FD55F /* Pods-RxSwiftSampleApp-RxSwiftSampleAppUITests.debug.xcconfig */,
				E1FBF257E2A15CEA3719BE20 /* Pods-RxSwiftSampleApp-RxSwiftSampleAppUITests.release.xcconfig */,
				641F3C1DE7D2BFB0433A43EA /* Pods-RxSwiftSampleAppTests.debug.xcconfig */,
				23A777232E7B98B4413D3E2A /* Pods-RxSwiftSampleAppTests.release.xcconfig */,
			);
			name = Pods;
			path = Pods;
			sourceTree = "<group>";
		};
/* End PBXGroup section */

/* Begin PBXNativeTarget section */
		5DFBDEB229D944B6004E0B78 /* RxSwiftSampleApp */ = {
			isa = PBXNativeTarget;
			buildConfigurationList = 5DFBDEDD29D944B8004E0B78 /* Build configuration list for PBXNativeTarget "RxSwiftSampleApp" */;
			buildPhases = (
				2F5A37E08B2106E3AF6C8DE2 /* [CP] Check Pods Manifest.lock */,
				5DFBDEAF29D944B6004E0B78 /* Sources */,
				5DFBDEB029D944B6004E0B78 /* Frameworks */,
				5DFBDEB129D944B6004E0B78 /* Resources */,
				9C4F5E6749BDDDA638F13AD0 /* [CP] Embed Pods Frameworks */,
			);
			buildRules = (
			);
			dependencies = (
			);
			name = RxSwiftSampleApp;
			productName = RxSwiftSampleApp;
			productReference = 5DFBDEB329D944B6004E0B78 /* RxSwiftSampleApp.app */;
			productType = "com.apple.product-type.application";
		};
		5DFBDEC829D944B8004E0B78 /* RxSwiftSampleAppTests */ = {
			isa = PBXNativeTarget;
			buildConfigurationList = 5DFBDEE029D944B8004E0B78 /* Build configuration list for PBXNativeTarget "RxSwiftSampleAppTests" */;
			buildPhases = (
				39F09CEDD228657C96490882 /* [CP] Check Pods Manifest.lock */,
				5DFBDEC529D944B8004E0B78 /* Sources */,
				5DFBDEC629D944B8004E0B78 /* Frameworks */,
				5DFBDEC729D944B8004E0B78 /* Resources */,
			);
			buildRules = (
			);
			dependencies = (
				5DFBDECB29D944B8004E0B78 /* PBXTargetDependency */,
			);
			name = RxSwiftSampleAppTests;
			productName = RxSwiftSampleAppTests;
			productReference = 5DFBDEC929D944B8004E0B78 /* RxSwiftSampleAppTests.xctest */;
			productType = "com.apple.product-type.bundle.unit-test";
		};
		5DFBDED229D944B8004E0B78 /* RxSwiftSampleAppUITests */ = {
			isa = PBXNativeTarget;
			buildConfigurationList = 5DFBDEE329D944B8004E0B78 /* Build configuration list for PBXNativeTarget "RxSwiftSampleAppUITests" */;
			buildPhases = (
				81715C0D109CF89A6C51B89A /* [CP] Check Pods Manifest.lock */,
				5DFBDECF29D944B8004E0B78 /* Sources */,
				5DFBDED029D944B8004E0B78 /* Frameworks */,
				5DFBDED129D944B8004E0B78 /* Resources */,
				F94A7EC0DAEA3191D2D83E79 /* [CP] Embed Pods Frameworks */,
			);
			buildRules = (
			);
			dependencies = (
				5DFBDED529D944B8004E0B78 /* PBXTargetDependency */,
			);
			name = RxSwiftSampleAppUITests;
			productName = RxSwiftSampleAppUITests;
			productReference = 5DFBDED329D944B8004E0B78 /* RxSwiftSampleAppUITests.xctest */;
			productType = "com.apple.product-type.bundle.ui-testing";
		};
/* End PBXNativeTarget section */

/* Begin PBXProject section */
		5DFBDEAB29D944B6004E0B78 /* Project object */ = {
			isa = PBXProject;
			attributes = {
				BuildIndependentTargetsInParallel = 1;
				LastSwiftUpdateCheck = 1400;
				LastUpgradeCheck = 1400;
				TargetAttributes = {
					5DFBDEB229D944B6004E0B78 = {
						CreatedOnToolsVersion = 14.0;
					};
					5DFBDEC829D944B8004E0B78 = {
						CreatedOnToolsVersion = 14.0;
						TestTargetID = 5DFBDEB229D944B6004E0B78;
					};
					5DFBDED229D944B8004E0B78 = {
						CreatedOnToolsVersion = 14.0;
						TestTargetID = 5DFBDEB229D944B6004E0B78;
					};
				};
			};
			buildConfigurationList = 5DFBDEAE29D944B6004E0B78 /* Build configuration list for PBXProject "RxSwiftSampleApp" */;
			compatibilityVersion = "Xcode 14.0";
			developmentRegion = en;
			hasScannedForEncodings = 0;
			knownRegions = (
				en,
				Base,
			);
			mainGroup = 5DFBDEAA29D944B6004E0B78;
			productRefGroup = 5DFBDEB429D944B6004E0B78 /* Products */;
			projectDirPath = "";
			projectRoot = "";
			targets = (
				5DFBDEB229D944B6004E0B78 /* RxSwiftSampleApp */,
				5DFBDEC829D944B8004E0B78 /* RxSwiftSampleAppTests */,
				5DFBDED229D944B8004E0B78 /* RxSwiftSampleAppUITests */,
			);
		};
/* End PBXProject section */

/* Begin PBXResourcesBuildPhase section */
		5DFBDEB129D944B6004E0B78 /* Resources */ = {
			isa = PBXResourcesBuildPhase;
			buildActionMask = 2147483647;
			files = (
				5DFBDEC329D944B8004E0B78 /* LaunchScreen.storyboard in Resources */,
				5DFBDEC029D944B8004E0B78 /* Assets.xcassets in Resources */,
				5DFBDEBE29D944B6004E0B78 /* Main.storyboard in Resources */,
			);
			runOnlyForDeploymentPostprocessing = 0;
		};
		5DFBDEC729D944B8004E0B78 /* Resources */ = {
			isa = PBXResourcesBuildPhase;
			buildActionMask = 2147483647;
			files = (
			);
			runOnlyForDeploymentPostprocessing = 0;
		};
		5DFBDED129D944B8004E0B78 /* Resources */ = {
			isa = PBXResourcesBuildPhase;
			buildActionMask = 2147483647;
			files = (
			);
			runOnlyForDeploymentPostprocessing = 0;
		};
/* End PBXResourcesBuildPhase section */

/* Begin PBXShellScriptBuildPhase section */
		2F5A37E08B2106E3AF6C8DE2 /* [CP] Check Pods Manifest.lock */ = {
			isa = PBXShellScriptBuildPhase;
			buildActionMask = 2147483647;
			files = (
			);
			inputFileListPaths = (
			);
			inputPaths = (
				"${PODS_PODFILE_DIR_PATH}/Podfile.lock",
				"${PODS_ROOT}/Manifest.lock",
			);
			name = "[CP] Check Pods Manifest.lock";
			outputFileListPaths = (
			);
			outputPaths = (
				"$(DERIVED_FILE_DIR)/Pods-RxSwiftSampleApp-checkManifestLockResult.txt",
			);
			runOnlyForDeploymentPostprocessing = 0;
			shellPath = /bin/sh;
			shellScript = "diff \"${PODS_PODFILE_DIR_PATH}/Podfile.lock\" \"${PODS_ROOT}/Manifest.lock\" > /dev/null\nif [ $? != 0 ] ; then\n    # print error to STDERR\n    echo \"error: The sandbox is not in sync with the Podfile.lock. Run 'pod install' or update your CocoaPods installation.\" >&2\n    exit 1\nfi\n# This output is used by Xcode 'outputs' to avoid re-running this script phase.\necho \"SUCCESS\" > \"${SCRIPT_OUTPUT_FILE_0}\"\n";
			showEnvVarsInLog = 0;
		};
		39F09CEDD228657C96490882 /* [CP] Check Pods Manifest.lock */ = {
			isa = PBXShellScriptBuildPhase;
			buildActionMask = 2147483647;
			files = (
			);
			inputFileListPaths = (
			);
			inputPaths = (
				"${PODS_PODFILE_DIR_PATH}/Podfile.lock",
				"${PODS_ROOT}/Manifest.lock",
			);
			name = "[CP] Check Pods Manifest.lock";
			outputFileListPaths = (
			);
			outputPaths = (
				"$(DERIVED_FILE_DIR)/Pods-RxSwiftSampleAppTests-checkManifestLockResult.txt",
			);
			runOnlyForDeploymentPostprocessing = 0;
			shellPath = /bin/sh;
			shellScript = "diff \"${PODS_PODFILE_DIR_PATH}/Podfile.lock\" \"${PODS_ROOT}/Manifest.lock\" > /dev/null\nif [ $? != 0 ] ; then\n    # print error to STDERR\n    echo \"error: The sandbox is not in sync with the Podfile.lock. Run 'pod install' or update your CocoaPods installation.\" >&2\n    exit 1\nfi\n# This output is used by Xcode 'outputs' to avoid re-running this script phase.\necho \"SUCCESS\" > \"${SCRIPT_OUTPUT_FILE_0}\"\n";
			showEnvVarsInLog = 0;
		};
		81715C0D109CF89A6C51B89A /* [CP] Check Pods Manifest.lock */ = {
			isa = PBXShellScriptBuildPhase;
			buildActionMask = 2147483647;
			files = (
			);
			inputFileListPaths = (
			);
			inputPaths = (
				"${PODS_PODFILE_DIR_PATH}/Podfile.lock",
				"${PODS_ROOT}/Manifest.lock",
			);
			name = "[CP] Check Pods Manifest.lock";
			outputFileListPaths = (
			);
			outputPaths = (
				"$(DERIVED_FILE_DIR)/Pods-RxSwiftSampleApp-RxSwiftSampleAppUITests-checkManifestLockResult.txt",
			);
			runOnlyForDeploymentPostprocessing = 0;
			shellPath = /bin/sh;
			shellScript = "diff \"${PODS_PODFILE_DIR_PATH}/Podfile.lock\" \"${PODS_ROOT}/Manifest.lock\" > /dev/null\nif [ $? != 0 ] ; then\n    # print error to STDERR\n    echo \"error: The sandbox is not in sync with the Podfile.lock. Run 'pod install' or update your CocoaPods installation.\" >&2\n    exit 1\nfi\n# This output is used by Xcode 'outputs' to avoid re-running this script phase.\necho \"SUCCESS\" > \"${SCRIPT_OUTPUT_FILE_0}\"\n";
			showEnvVarsInLog = 0;
		};
		9C4F5E6749BDDDA638F13AD0 /* [CP] Embed Pods Frameworks */ = {
			isa = PBXShellScriptBuildPhase;
			buildActionMask = 2147483647;
			files = (
			);
			inputFileListPaths = (
				"${PODS_ROOT}/Target Support Files/Pods-RxSwiftSampleApp/Pods-RxSwiftSampleApp-frameworks-${CONFIGURATION}-input-files.xcfilelist",
			);
			name = "[CP] Embed Pods Frameworks";
			outputFileListPaths = (
				"${PODS_ROOT}/Target Support Files/Pods-RxSwiftSampleApp/Pods-RxSwiftSampleApp-frameworks-${CONFIGURATION}-output-files.xcfilelist",
			);
			runOnlyForDeploymentPostprocessing = 0;
			shellPath = /bin/sh;
			shellScript = "\"${PODS_ROOT}/Target Support Files/Pods-RxSwiftSampleApp/Pods-RxSwiftSampleApp-frameworks.sh\"\n";
			showEnvVarsInLog = 0;
		};
		F94A7EC0DAEA3191D2D83E79 /* [CP] Embed Pods Frameworks */ = {
			isa = PBXShellScriptBuildPhase;
			buildActionMask = 2147483647;
			files = (
			);
			inputFileListPaths = (
				"${PODS_ROOT}/Target Support Files/Pods-RxSwiftSampleApp-RxSwiftSampleAppUITests/Pods-RxSwiftSampleApp-RxSwiftSampleAppUITests-frameworks-${CONFIGURATION}-input-files.xcfilelist",
			);
			name = "[CP] Embed Pods Frameworks";
			outputFileListPaths = (
				"${PODS_ROOT}/Target Support Files/Pods-RxSwiftSampleApp-RxSwiftSampleAppUITests/Pods-RxSwiftSampleApp-RxSwiftSampleAppUITests-frameworks-${CONFIGURATION}-output-files.xcfilelist",
			);
			runOnlyForDeploymentPostprocessing = 0;
			shellPath = /bin/sh;
			shellScript = "\"${PODS_ROOT}/Target Support Files/Pods-RxSwiftSampleApp-RxSwiftSampleAppUITests/Pods-RxSwiftSampleApp-RxSwiftSampleAppUITests-frameworks.sh\"\n";
			showEnvVarsInLog = 0;
		};
/* End PBXShellScriptBuildPhase section */

/* Begin PBXSourcesBuildPhase section */
		5DFBDEAF29D944B6004E0B78 /* Sources */ = {
			isa = PBXSourcesBuildPhase;
			buildActionMask = 2147483647;
			files = (
				5DFBDEBB29D944B6004E0B78 /* ViewController.swift in Sources */,
				5DFBDEB729D944B6004E0B78 /* AppDelegate.swift in Sources */,
				5DFBDEB929D944B6004E0B78 /* SceneDelegate.swift in Sources */,
			);
			runOnlyForDeploymentPostprocessing = 0;
		};
		5DFBDEC529D944B8004E0B78 /* Sources */ = {
			isa = PBXSourcesBuildPhase;
			buildActionMask = 2147483647;
			files = (
				5DFBDECE29D944B8004E0B78 /* RxSwiftSampleAppTests.swift in Sources */,
			);
			runOnlyForDeploymentPostprocessing = 0;
		};
		5DFBDECF29D944B8004E0B78 /* Sources */ = {
			isa = PBXSourcesBuildPhase;
			buildActionMask = 2147483647;
			files = (
				5DFBDEDA29D944B8004E0B78 /* RxSwiftSampleAppUITestsLaunchTests.swift in Sources */,
				5DFBDED829D944B8004E0B78 /* RxSwiftSampleAppUITests.swift in Sources */,
			);
			runOnlyForDeploymentPostprocessing = 0;
		};
/* End PBXSourcesBuildPhase section */

/* Begin PBXTargetDependency section */
		5DFBDECB29D944B8004E0B78 /* PBXTargetDependency */ = {
			isa = PBXTargetDependency;
			target = 5DFBDEB229D944B6004E0B78 /* RxSwiftSampleApp */;
			targetProxy = 5DFBDECA29D944B8004E0B78 /* PBXContainerItemProxy */;
		};
		5DFBDED529D944B8004E0B78 /* PBXTargetDependency */ = {
			isa = PBXTargetDependency;
			target = 5DFBDEB229D944B6004E0B78 /* RxSwiftSampleApp */;
			targetProxy = 5DFBDED429D944B8004E0B78 /* PBXContainerItemProxy */;
		};
/* End PBXTargetDependency section */

/* Begin PBXVariantGroup section */
		5DFBDEBC29D944B6004E0B78 /* Main.storyboard */ = {
			isa = PBXVariantGroup;
			children = (
				5DFBDEBD29D944B6004E0B78 /* Base */,
			);
			name = Main.storyboard;
			sourceTree = "<group>";
		};
		5DFBDEC129D944B8004E0B78 /* LaunchScreen.storyboard */ = {
			isa = PBXVariantGroup;
			children = (
				5DFBDEC229D944B8004E0B78 /* Base */,
			);
			name = LaunchScreen.storyboard;
			sourceTree = "<group>";
		};
/* End PBXVariantGroup section */

/* Begin XCBuildConfiguration section */
		5DFBDEDB29D944B8004E0B78 /* Debug */ = {
			isa = XCBuildConfiguration;
			buildSettings = {
				ALWAYS_SEARCH_USER_PATHS = NO;
				CLANG_ANALYZER_NONNULL = YES;
				CLANG_ANALYZER_NUMBER_OBJECT_CONVERSION = YES_AGGRESSIVE;
				CLANG_CXX_LANGUAGE_STANDARD = "gnu++20";
				CLANG_ENABLE_MODULES = YES;
				CLANG_ENABLE_OBJC_ARC = YES;
				CLANG_ENABLE_OBJC_WEAK = YES;
				CLANG_WARN_BLOCK_CAPTURE_AUTORELEASING = YES;
				CLANG_WARN_BOOL_CONVERSION = YES;
				CLANG_WARN_COMMA = YES;
				CLANG_WARN_CONSTANT_CONVERSION = YES;
				CLANG_WARN_DEPRECATED_OBJC_IMPLEMENTATIONS = YES;
				CLANG_WARN_DIRECT_OBJC_ISA_USAGE = YES_ERROR;
				CLANG_WARN_DOCUMENTATION_COMMENTS = YES;
				CLANG_WARN_EMPTY_BODY = YES;
				CLANG_WARN_ENUM_CONVERSION = YES;
				CLANG_WARN_INFINITE_RECURSION = YES;
				CLANG_WARN_INT_CONVERSION = YES;
				CLANG_WARN_NON_LITERAL_NULL_CONVERSION = YES;
				CLANG_WARN_OBJC_IMPLICIT_RETAIN_SELF = YES;
				CLANG_WARN_OBJC_LITERAL_CONVERSION = YES;
				CLANG_WARN_OBJC_ROOT_CLASS = YES_ERROR;
				CLANG_WARN_QUOTED_INCLUDE_IN_FRAMEWORK_HEADER = YES;
				CLANG_WARN_RANGE_LOOP_ANALYSIS = YES;
				CLANG_WARN_STRICT_PROTOTYPES = YES;
				CLANG_WARN_SUSPICIOUS_MOVE = YES;
				CLANG_WARN_UNGUARDED_AVAILABILITY = YES_AGGRESSIVE;
				CLANG_WARN_UNREACHABLE_CODE = YES;
				CLANG_WARN__DUPLICATE_METHOD_MATCH = YES;
				COPY_PHASE_STRIP = NO;
				DEBUG_INFORMATION_FORMAT = dwarf;
				ENABLE_STRICT_OBJC_MSGSEND = YES;
				ENABLE_TESTABILITY = YES;
				GCC_C_LANGUAGE_STANDARD = gnu11;
				GCC_DYNAMIC_NO_PIC = NO;
				GCC_NO_COMMON_BLOCKS = YES;
				GCC_OPTIMIZATION_LEVEL = 0;
				GCC_PREPROCESSOR_DEFINITIONS = (
					"DEBUG=1",
					"$(inherited)",
				);
				GCC_WARN_64_TO_32_BIT_CONVERSION = YES;
				GCC_WARN_ABOUT_RETURN_TYPE = YES_ERROR;
				GCC_WARN_UNDECLARED_SELECTOR = YES;
				GCC_WARN_UNINITIALIZED_AUTOS = YES_AGGRESSIVE;
				GCC_WARN_UNUSED_FUNCTION = YES;
				GCC_WARN_UNUSED_VARIABLE = YES;
				IPHONEOS_DEPLOYMENT_TARGET = 16.0;
				MTL_ENABLE_DEBUG_INFO = INCLUDE_SOURCE;
				MTL_FAST_MATH = YES;
				ONLY_ACTIVE_ARCH = YES;
				SDKROOT = iphoneos;
				SWIFT_ACTIVE_COMPILATION_CONDITIONS = DEBUG;
				SWIFT_OPTIMIZATION_LEVEL = "-Onone";
			};
			name = Debug;
		};
		5DFBDEDC29D944B8004E0B78 /* Release */ = {
			isa = XCBuildConfiguration;
			buildSettings = {
				ALWAYS_SEARCH_USER_PATHS = NO;
				CLANG_ANALYZER_NONNULL = YES;
				CLANG_ANALYZER_NUMBER_OBJECT_CONVERSION = YES_AGGRESSIVE;
				CLANG_CXX_LANGUAGE_STANDARD = "gnu++20";
				CLANG_ENABLE_MODULES = YES;
				CLANG_ENABLE_OBJC_ARC = YES;
				CLANG_ENABLE_OBJC_WEAK = YES;
				CLANG_WARN_BLOCK_CAPTURE_AUTORELEASING = YES;
				CLANG_WARN_BOOL_CONVERSION = YES;
				CLANG_WARN_COMMA = YES;
				CLANG_WARN_CONSTANT_CONVERSION = YES;
				CLANG_WARN_DEPRECATED_OBJC_IMPLEMENTATIONS = YES;
				CLANG_WARN_DIRECT_OBJC_ISA_USAGE = YES_ERROR;
				CLANG_WARN_DOCUMENTATION_COMMENTS = YES;
				CLANG_WARN_EMPTY_BODY = YES;
				CLANG_WARN_ENUM_CONVERSION = YES;
				CLANG_WARN_INFINITE_RECURSION = YES;
				CLANG_WARN_INT_CONVERSION = YES;
				CLANG_WARN_NON_LITERAL_NULL_CONVERSION = YES;
				CLANG_WARN_OBJC_IMPLICIT_RETAIN_SELF = YES;
				CLANG_WARN_OBJC_LITERAL_CONVERSION = YES;
				CLANG_WARN_OBJC_ROOT_CLASS = YES_ERROR;
				CLANG_WARN_QUOTED_INCLUDE_IN_FRAMEWORK_HEADER = YES;
				CLANG_WARN_RANGE_LOOP_ANALYSIS = YES;
				CLANG_WARN_STRICT_PROTOTYPES = YES;
				CLANG_WARN_SUSPICIOUS_MOVE = YES;
				CLANG_WARN_UNGUARDED_AVAILABILITY = YES_AGGRESSIVE;
				CLANG_WARN_UNREACHABLE_CODE = YES;
				CLANG_WARN__DUPLICATE_METHOD_MATCH = YES;
				COPY_PHASE_STRIP = NO;
				DEBUG_INFORMATION_FORMAT = "dwarf-with-dsym";
				ENABLE_NS_ASSERTIONS = NO;
				ENABLE_STRICT_OBJC_MSGSEND = YES;
				GCC_C_LANGUAGE_STANDARD = gnu11;
				GCC_NO_COMMON_BLOCKS = YES;
				GCC_WARN_64_TO_32_BIT_CONVERSION = YES;
				GCC_WARN_ABOUT_RETURN_TYPE = YES_ERROR;
				GCC_WARN_UNDECLARED_SELECTOR = YES;
				GCC_WARN_UNINITIALIZED_AUTOS = YES_AGGRESSIVE;
				GCC_WARN_UNUSED_FUNCTION = YES;
				GCC_WARN_UNUSED_VARIABLE = YES;
				IPHONEOS_DEPLOYMENT_TARGET = 16.0;
				MTL_ENABLE_DEBUG_INFO = NO;
				MTL_FAST_MATH = YES;
				SDKROOT = iphoneos;
				SWIFT_COMPILATION_MODE = wholemodule;
				SWIFT_OPTIMIZATION_LEVEL = "-O";
				VALIDATE_PRODUCT = YES;
			};
			name = Release;
		};
		5DFBDEDE29D944B8004E0B78 /* Debug */ = {
			isa = XCBuildConfiguration;
			baseConfigurationReference = 88EF1C3E7AD2E8636E25D1D5 /* Pods-RxSwiftSampleApp.debug.xcconfig */;
			buildSettings = {
				ASSETCATALOG_COMPILER_APPICON_NAME = AppIcon;
				ASSETCATALOG_COMPILER_GLOBAL_ACCENT_COLOR_NAME = AccentColor;
				CODE_SIGN_STYLE = Automatic;
				CURRENT_PROJECT_VERSION = 1;
				DEVELOPMENT_TEAM = XP8M87ULF2;
				GENERATE_INFOPLIST_FILE = YES;
				INFOPLIST_FILE = RxSwiftSampleApp/Info.plist;
				INFOPLIST_KEY_UIApplicationSupportsIndirectInputEvents = YES;
				INFOPLIST_KEY_UILaunchStoryboardName = LaunchScreen;
				INFOPLIST_KEY_UIMainStoryboardFile = Main;
				INFOPLIST_KEY_UISupportedInterfaceOrientations_iPad = "UIInterfaceOrientationPortrait UIInterfaceOrientationPortraitUpsideDown UIInterfaceOrientationLandscapeLeft UIInterfaceOrientationLandscapeRight";
				INFOPLIST_KEY_UISupportedInterfaceOrientations_iPhone = "UIInterfaceOrientationPortrait UIInterfaceOrientationLandscapeLeft UIInterfaceOrientationLandscapeRight";
				LD_RUNPATH_SEARCH_PATHS = (
					"$(inherited)",
					"@executable_path/Frameworks",
				);
				MARKETING_VERSION = 1.0;
				PRODUCT_BUNDLE_IDENTIFIER = com.shohiiiiiii.RxSwiftSampleApp;
				PRODUCT_NAME = "$(TARGET_NAME)";
				SWIFT_EMIT_LOC_STRINGS = YES;
				SWIFT_VERSION = 5.0;
				TARGETED_DEVICE_FAMILY = "1,2";
			};
			name = Debug;
		};
		5DFBDEDF29D944B8004E0B78 /* Release */ = {
			isa = XCBuildConfiguration;
			baseConfigurationReference = CFDC4412AE532CF1175E52DE /* Pods-RxSwiftSampleApp.release.xcconfig */;
			buildSettings = {
				ASSETCATALOG_COMPILER_APPICON_NAME = AppIcon;
				ASSETCATALOG_COMPILER_GLOBAL_ACCENT_COLOR_NAME = AccentColor;
				CODE_SIGN_STYLE = Automatic;
				CURRENT_PROJECT_VERSION = 1;
				DEVELOPMENT_TEAM = XP8M87ULF2;
				GENERATE_INFOPLIST_FILE = YES;
				INFOPLIST_FILE = RxSwiftSampleApp/Info.plist;
				INFOPLIST_KEY_UIApplicationSupportsIndirectInputEvents = YES;
				INFOPLIST_KEY_UILaunchStoryboardName = LaunchScreen;
				INFOPLIST_KEY_UIMainStoryboardFile = Main;
				INFOPLIST_KEY_UISupportedInterfaceOrientations_iPad = "UIInterfaceOrientationPortrait UIInterfaceOrientationPortraitUpsideDown UIInterfaceOrientationLandscapeLeft UIInterfaceOrientationLandscapeRight";
				INFOPLIST_KEY_UISupportedInterfaceOrientations_iPhone = "UIInterfaceOrientationPortrait UIInterfaceOrientationLandscapeLeft UIInterfaceOrientationLandscapeRight";
				LD_RUNPATH_SEARCH_PATHS = (
					"$(inherited)",
					"@executable_path/Frameworks",
				);
				MARKETING_VERSION = 1.0;
				PRODUCT_BUNDLE_IDENTIFIER = com.shohiiiiiii.RxSwiftSampleApp;
				PRODUCT_NAME = "$(TARGET_NAME)";
				SWIFT_EMIT_LOC_STRINGS = YES;
				SWIFT_VERSION = 5.0;
				TARGETED_DEVICE_FAMILY = "1,2";
			};
			name = Release;
		};
		5DFBDEE129D944B8004E0B78 /* Debug */ = {
			isa = XCBuildConfiguration;
			baseConfigurationReference = 641F3C1DE7D2BFB0433A43EA /* Pods-RxSwiftSampleAppTests.debug.xcconfig */;
			buildSettings = {
				ALWAYS_EMBED_SWIFT_STANDARD_LIBRARIES = YES;
				BUNDLE_LOADER = "$(TEST_HOST)";
				CODE_SIGN_STYLE = Automatic;
				CURRENT_PROJECT_VERSION = 1;
				DEVELOPMENT_TEAM = XP8M87ULF2;
				GENERATE_INFOPLIST_FILE = YES;
				IPHONEOS_DEPLOYMENT_TARGET = 16.0;
				MARKETING_VERSION = 1.0;
				PRODUCT_BUNDLE_IDENTIFIER = com.shohiiiiiii.RxSwiftSampleAppTests;
				PRODUCT_NAME = "$(TARGET_NAME)";
				SWIFT_EMIT_LOC_STRINGS = NO;
				SWIFT_VERSION = 5.0;
				TARGETED_DEVICE_FAMILY = "1,2";
				TEST_HOST = "$(BUILT_PRODUCTS_DIR)/RxSwiftSampleApp.app/$(BUNDLE_EXECUTABLE_FOLDER_PATH)/RxSwiftSampleApp";
			};
			name = Debug;
		};
		5DFBDEE229D944B8004E0B78 /* Release */ = {
			isa = XCBuildConfiguration;
			baseConfigurationReference = 23A777232E7B98B4413D3E2A /* Pods-RxSwiftSampleAppTests.release.xcconfig */;
			buildSettings = {
				ALWAYS_EMBED_SWIFT_STANDARD_LIBRARIES = YES;
				BUNDLE_LOADER = "$(TEST_HOST)";
				CODE_SIGN_STYLE = Automatic;
				CURRENT_PROJECT_VERSION = 1;
				DEVELOPMENT_TEAM = XP8M87ULF2;
				GENERATE_INFOPLIST_FILE = YES;
				IPHONEOS_DEPLOYMENT_TARGET = 16.0;
				MARKETING_VERSION = 1.0;
				PRODUCT_BUNDLE_IDENTIFIER = com.shohiiiiiii.RxSwiftSampleAppTests;
				PRODUCT_NAME = "$(TARGET_NAME)";
				SWIFT_EMIT_LOC_STRINGS = NO;
				SWIFT_VERSION = 5.0;
				TARGETED_DEVICE_FAMILY = "1,2";
				TEST_HOST = "$(BUILT_PRODUCTS_DIR)/RxSwiftSampleApp.app/$(BUNDLE_EXECUTABLE_FOLDER_PATH)/RxSwiftSampleApp";
			};
			name = Release;
		};
		5DFBDEE429D944B8004E0B78 /* Debug */ = {
			isa = XCBuildConfiguration;
			baseConfigurationReference = 35532722C2AF5C37523FD55F /* Pods-RxSwiftSampleApp-RxSwiftSampleAppUITests.debug.xcconfig */;
			buildSettings = {
				ALWAYS_EMBED_SWIFT_STANDARD_LIBRARIES = YES;
				CODE_SIGN_STYLE = Automatic;
				CURRENT_PROJECT_VERSION = 1;
				DEVELOPMENT_TEAM = XP8M87ULF2;
				GENERATE_INFOPLIST_FILE = YES;
				MARKETING_VERSION = 1.0;
				PRODUCT_BUNDLE_IDENTIFIER = com.shohiiiiiii.RxSwiftSampleAppUITests;
				PRODUCT_NAME = "$(TARGET_NAME)";
				SWIFT_EMIT_LOC_STRINGS = NO;
				SWIFT_VERSION = 5.0;
				TARGETED_DEVICE_FAMILY = "1,2";
				TEST_TARGET_NAME = RxSwiftSampleApp;
			};
			name = Debug;
		};
		5DFBDEE529D944B8004E0B78 /* Release */ = {
			isa = XCBuildConfiguration;
			baseConfigurationReference = E1FBF257E2A15CEA3719BE20 /* Pods-RxSwiftSampleApp-RxSwiftSampleAppUITests.release.xcconfig */;
			buildSettings = {
				ALWAYS_EMBED_SWIFT_STANDARD_LIBRARIES = YES;
				CODE_SIGN_STYLE = Automatic;
				CURRENT_PROJECT_VERSION = 1;
				DEVELOPMENT_TEAM = XP8M87ULF2;
				GENERATE_INFOPLIST_FILE = YES;
				MARKETING_VERSION = 1.0;
				PRODUCT_BUNDLE_IDENTIFIER = com.shohiiiiiii.RxSwiftSampleAppUITests;
				PRODUCT_NAME = "$(TARGET_NAME)";
				SWIFT_EMIT_LOC_STRINGS = NO;
				SWIFT_VERSION = 5.0;
				TARGETED_DEVICE_FAMILY = "1,2";
				TEST_TARGET_NAME = RxSwiftSampleApp;
			};
			name = Release;
		};
/* End XCBuildConfiguration section */

/* Begin XCConfigurationList section */
		5DFBDEAE29D944B6004E0B78 /* Build configuration list for PBXProject "RxSwiftSampleApp" */ = {
			isa = XCConfigurationList;
			buildConfigurations = (
				5DFBDEDB29D944B8004E0B78 /* Debug */,
				5DFBDEDC29D944B8004E0B78 /* Release */,
			);
			defaultConfigurationIsVisible = 0;
			defaultConfigurationName = Release;
		};
		5DFBDEDD29D944B8004E0B78 /* Build configuration list for PBXNativeTarget "RxSwiftSampleApp" */ = {
			isa = XCConfigurationList;
			buildConfigurations = (
				5DFBDEDE29D944B8004E0B78 /* Debug */,
				5DFBDEDF29D944B8004E0B78 /* Release */,
			);
			defaultConfigurationIsVisible = 0;
			defaultConfigurationName = Release;
		};
		5DFBDEE029D944B8004E0B78 /* Build configuration list for PBXNativeTarget "RxSwiftSampleAppTests" */ = {
			isa = XCConfigurationList;
			buildConfigurations = (
				5DFBDEE129D944B8004E0B78 /* Debug */,
				5DFBDEE229D944B8004E0B78 /* Release */,
			);
			defaultConfigurationIsVisible = 0;
			defaultConfigurationName = Release;
		};
		5DFBDEE329D944B8004E0B78 /* Build configuration list for PBXNativeTarget "RxSwiftSampleAppUITests" */ = {
			isa = XCConfigurationList;
			buildConfigurations = (
				5DFBDEE429D944B8004E0B78 /* Debug */,
				5DFBDEE529D944B8004E0B78 /* Release */,
			);
			defaultConfigurationIsVisible = 0;
			defaultConfigurationName = Release;
		};
/* End XCConfigurationList section */
	};
	rootObject = 5DFBDEAB29D944B6004E0B78 /* Project object */;
}
